{
    "name": "the-witcher-3-the-wild-hunt-color-theme",
    "version": "1.0.1",
    "lockfileVersion": 3,
    "requires": true,
    "packages": {
        "": {
            "name": "the-witcher-3-the-wild-hunt-color-theme",
            "version": "1.0.1",
            "engines": {
                "vscode": "^1.60.0"
            }
        }
    }
}
